
Microsoft Visual Studio Solution File, Format Version 11.00
# Visual Web Developer Express 2010
Project("{FAE04EC0-301F-11D3-BF4B-00C04F79EFBC}") = "SGS", "ProjetoTela\SGS.csproj", "{BACEDE70-8A4F-4D02-B1BE-5A8EDD76FB12}"
EndProject
Global
	GlobalSection(SolutionConfigurationPlatforms) = preSolution
		Debug|Any CPU = Debug|Any CPU
		Release|Any CPU = Release|Any CPU
	EndGlobalSection
	GlobalSection(ProjectConfigurationPlatforms) = postSolution
		{BACEDE70-8A4F-4D02-B1BE-5A8EDD76FB12}.Debug|Any CPU.ActiveCfg = Debug|Any CPU
		{BACEDE70-8A4F-4D02-B1BE-5A8EDD76FB12}.Debug|Any CPU.Build.0 = Debug|Any CPU
		{BACEDE70-8A4F-4D02-B1BE-5A8EDD76FB12}.Release|Any CPU.ActiveCfg = Release|Any CPU
		{BACEDE70-8A4F-4D02-B1BE-5A8EDD76FB12}.Release|Any CPU.Build.0 = Release|Any CPU
	EndGlobalSection
	GlobalSection(SolutionProperties) = preSolution
		HideSolutionNode = FALSE
	EndGlobalSection
EndGlobal
